
Microsoft Visual Studio Solution File, Format Version 12.00
# Visual Studio Version 16
VisualStudioVersion = 16.0.32002.261
MinimumVisualStudioVersion = 10.0.40219.1
Project("{9A19103F-16F7-4668-BE54-9A1E7A4F7556}") = "Service1", "WebService\Service1.csproj", "{B84BF059-0A8A-461C-8E2D-5C7DDEF98DF3}"
EndProject
Global
	GlobalSection(SolutionConfigurationPlatforms) = preSolution
		Debug|Any CPU = Debug|Any CPU
		Release|Any CPU = Release|Any CPU
	EndGlobalSection
	GlobalSection(ProjectConfigurationPlatforms) = postSolution
		{B84BF059-0A8A-461C-8E2D-5C7DDEF98DF3}.Debug|Any CPU.ActiveCfg = Debug|Any CPU
		{B84BF059-0A8A-461C-8E2D-5C7DDEF98DF3}.Debug|Any CPU.Build.0 = Debug|Any CPU
		{B84BF059-0A8A-461C-8E2D-5C7DDEF98DF3}.Release|Any CPU.ActiveCfg = Release|Any CPU
		{B84BF059-0A8A-461C-8E2D-5C7DDEF98DF3}.Release|Any CPU.Build.0 = Release|Any CPU
	EndGlobalSection
	GlobalSection(SolutionProperties) = preSolution
		HideSolutionNode = FALSE
	EndGlobalSection
	GlobalSection(ExtensibilityGlobals) = postSolution
		SolutionGuid = {7D22D59B-FB65-4366-90D0-C3F5B18F27F7}
	EndGlobalSection
EndGlobal
